
Microsoft Visual Studio Solution File, Format Version 12.00
# Visual Studio Version 17
VisualStudioVersion = 17.5.002.0
MinimumVisualStudioVersion = 10.0.40219.1
Project("{9A19103F-16F7-4668-BE54-9A1E7A4F7556}") = "common", "common\common.csproj", "{864C9099-328E-4460-869B-8D8C179BF618}"
EndProject
Project("{9A19103F-16F7-4668-BE54-9A1E7A4F7556}") = "PermissionManagerCore", "core\PermissionManagerCore.csproj", "{8CB5981A-33E1-4602-A393-92D30BA52861}"
EndProject
Project("{9A19103F-16F7-4668-BE54-9A1E7A4F7556}") = "demo_app", "demo_app\demo_app.csproj", "{D1B288A8-6506-496C-AC83-614C41A24383}"
EndProject
Project("{9A19103F-16F7-4668-BE54-9A1E7A4F7556}") = "admin_console", "admin_console\admin_console.csproj", "{0C43108F-5147-4B25-A1E7-564D4EF16E13}"
EndProject
Global
	GlobalSection(SolutionConfigurationPlatforms) = preSolution
		Debug|Any CPU = Debug|Any CPU
		Release|Any CPU = Release|Any CPU
	EndGlobalSection
	GlobalSection(ProjectConfigurationPlatforms) = postSolution
		{864C9099-328E-4460-869B-8D8C179BF618}.Debug|Any CPU.ActiveCfg = Debug|Any CPU
		{864C9099-328E-4460-869B-8D8C179BF618}.Debug|Any CPU.Build.0 = Debug|Any CPU
		{864C9099-328E-4460-869B-8D8C179BF618}.Release|Any CPU.ActiveCfg = Release|Any CPU
		{864C9099-328E-4460-869B-8D8C179BF618}.Release|Any CPU.Build.0 = Release|Any CPU
		{8CB5981A-33E1-4602-A393-92D30BA52861}.Debug|Any CPU.ActiveCfg = Debug|Any CPU
		{8CB5981A-33E1-4602-A393-92D30BA52861}.Debug|Any CPU.Build.0 = Debug|Any CPU
		{8CB5981A-33E1-4602-A393-92D30BA52861}.Release|Any CPU.ActiveCfg = Release|Any CPU
		{8CB5981A-33E1-4602-A393-92D30BA52861}.Release|Any CPU.Build.0 = Release|Any CPU
		{D1B288A8-6506-496C-AC83-614C41A24383}.Debug|Any CPU.ActiveCfg = Debug|Any CPU
		{D1B288A8-6506-496C-AC83-614C41A24383}.Debug|Any CPU.Build.0 = Debug|Any CPU
		{D1B288A8-6506-496C-AC83-614C41A24383}.Release|Any CPU.ActiveCfg = Release|Any CPU
		{D1B288A8-6506-496C-AC83-614C41A24383}.Release|Any CPU.Build.0 = Release|Any CPU
		{0C43108F-5147-4B25-A1E7-564D4EF16E13}.Debug|Any CPU.ActiveCfg = Debug|Any CPU
		{0C43108F-5147-4B25-A1E7-564D4EF16E13}.Debug|Any CPU.Build.0 = Debug|Any CPU
		{0C43108F-5147-4B25-A1E7-564D4EF16E13}.Release|Any CPU.ActiveCfg = Release|Any CPU
		{0C43108F-5147-4B25-A1E7-564D4EF16E13}.Release|Any CPU.Build.0 = Release|Any CPU
	EndGlobalSection
	GlobalSection(SolutionProperties) = preSolution
		HideSolutionNode = FALSE
	EndGlobalSection
	GlobalSection(ExtensibilityGlobals) = postSolution
		SolutionGuid = {65FCBC7B-4B80-409C-AF85-B3B4DE99F5C0}
	EndGlobalSection
EndGlobal
